// !$*UTF8*$!
{
	archiveVersion = 1;
	classes = {
	};
	objectVersion = 56;
	objects = {

/* Begin PBXBuildFile section */
		6E07FCCC46B4DBC618977B30 /* Pods_AppPromo.framework in Frameworks */ = {isa = PBXBuildFile; fileRef = E4CA83BF1A3457BA2C20FE72 /* Pods_AppPromo.framework */; };
		848D0C3B2C1FE23200C4874D /* AppDelegate.swift in Sources */ = {isa = PBXBuildFile; fileRef = 848D0C3A2C1FE23200C4874D /* AppDelegate.swift */; };
		848D0C3D2C1FE23200C4874D /* SceneDelegate.swift in Sources */ = {isa = PBXBuildFile; fileRef = 848D0C3C2C1FE23200C4874D /* SceneDelegate.swift */; };
		848D0C3F2C1FE23200C4874D /* PromoListViewController.swift in Sources */ = {isa = PBXBuildFile; fileRef = 848D0C3E2C1FE23200C4874D /* PromoListViewController.swift */; };
		848D0C422C1FE23200C4874D /* Base in Resources */ = {isa = PBXBuildFile; fileRef = 848D0C412C1FE23200C4874D /* Base */; };
		848D0C442C1FE23400C4874D /* Assets.xcassets in Resources */ = {isa = PBXBuildFile; fileRef = 848D0C432C1FE23400C4874D /* Assets.xcassets */; };
		848D0C472C1FE23400C4874D /* Base in Resources */ = {isa = PBXBuildFile; fileRef = 848D0C462C1FE23400C4874D /* Base */; };
		848D0C4F2C201B7C00C4874D /* Promo.swift in Sources */ = {isa = PBXBuildFile; fileRef = 848D0C4E2C201B7C00C4874D /* Promo.swift */; };
		848D0C512C201B9B00C4874D /* NetworkManager.swift in Sources */ = {isa = PBXBuildFile; fileRef = 848D0C502C201B9B00C4874D /* NetworkManager.swift */; };
		848D0C532C201C3300C4874D /* PromoDetailViewController.swift in Sources */ = {isa = PBXBuildFile; fileRef = 848D0C522C201C3300C4874D /* PromoDetailViewController.swift */; };
/* End PBXBuildFile section */

/* Begin PBXFileReference section */
		2A3F31112088C64C584397DE /* Pods-AppPromo.debug.xcconfig */ = {isa = PBXFileReference; includeInIndex = 1; lastKnownFileType = text.xcconfig; name = "Pods-AppPromo.debug.xcconfig"; path = "Target Support Files/Pods-AppPromo/Pods-AppPromo.debug.xcconfig"; sourceTree = "<group>"; };
		848D0C372C1FE23200C4874D /* AppPromo.app */ = {isa = PBXFileReference; explicitFileType = wrapper.application; includeInIndex = 0; path = AppPromo.app; sourceTree = BUILT_PRODUCTS_DIR; };
		848D0C3A2C1FE23200C4874D /* AppDelegate.swift */ = {isa = PBXFileReference; lastKnownFileType = sourcecode.swift; path = AppDelegate.swift; sourceTree = "<group>"; };
		848D0C3C2C1FE23200C4874D /* SceneDelegate.swift */ = {isa = PBXFileReference; lastKnownFileType = sourcecode.swift; path = SceneDelegate.swift; sourceTree = "<group>"; };
		848D0C3E2C1FE23200C4874D /* PromoListViewController.swift */ = {isa = PBXFileReference; lastKnownFileType = sourcecode.swift; path = PromoListViewController.swift; sourceTree = "<group>"; };
		848D0C412C1FE23200C4874D /* Base */ = {isa = PBXFileReference; lastKnownFileType = file.storyboard; name = Base; path = Base.lproj/Main.storyboard; sourceTree = "<group>"; };
		848D0C432C1FE23400C4874D /* Assets.xcassets */ = {isa = PBXFileReference; lastKnownFileType = folder.assetcatalog; path = Assets.xcassets; sourceTree = "<group>"; };
		848D0C462C1FE23400C4874D /* Base */ = {isa = PBXFileReference; lastKnownFileType = file.storyboard; name = Base; path = Base.lproj/LaunchScreen.storyboard; sourceTree = "<group>"; };
		848D0C482C1FE23400C4874D /* Info.plist */ = {isa = PBXFileReference; lastKnownFileType = text.plist.xml; path = Info.plist; sourceTree = "<group>"; };
		848D0C4E2C201B7C00C4874D /* Promo.swift */ = {isa = PBXFileReference; lastKnownFileType = sourcecode.swift; path = Promo.swift; sourceTree = "<group>"; };
		848D0C502C201B9B00C4874D /* NetworkManager.swift */ = {isa = PBXFileReference; lastKnownFileType = sourcecode.swift; path = NetworkManager.swift; sourceTree = "<group>"; };
		848D0C522C201C3300C4874D /* PromoDetailViewController.swift */ = {isa = PBXFileReference; lastKnownFileType = sourcecode.swift; path = PromoDetailViewController.swift; sourceTree = "<group>"; };
		96E795DCAF3C5875F7B116E7 /* Pods-AppPromo.release.xcconfig */ = {isa = PBXFileReference; includeInIndex = 1; lastKnownFileType = text.xcconfig; name = "Pods-AppPromo.release.xcconfig"; path = "Target Support Files/Pods-AppPromo/Pods-AppPromo.release.xcconfig"; sourceTree = "<group>"; };
		E4CA83BF1A3457BA2C20FE72 /* Pods_AppPromo.framework */ = {isa = PBXFileReference; explicitFileType = wrapper.framework; includeInIndex = 0; path = Pods_AppPromo.framework; sourceTree = BUILT_PRODUCTS_DIR; };
/* End PBXFileReference section */

/* Begin PBXFrameworksBuildPhase section */
		848D0C342C1FE23200C4874D /* Frameworks */ = {
			isa = PBXFrameworksBuildPhase;
			buildActionMask = 2147483647;
			files = (
				6E07FCCC46B4DBC618977B30 /* Pods_AppPromo.framework in Frameworks */,
			);
			runOnlyForDeploymentPostprocessing = 0;
		};
/* End PBXFrameworksBuildPhase section */

/* Begin PBXGroup section */
		848D0C2E2C1FE23200C4874D = {
			isa = PBXGroup;
			children = (
				848D0C392C1FE23200C4874D /* AppPromo */,
				848D0C382C1FE23200C4874D /* Products */,
				C3E5D0A4FE3EE521B2C9C4B2 /* Pods */,
				C447DAAD7DF3ED64DEA40334 /* Frameworks */,
			);
			sourceTree = "<group>";
		};
		848D0C382C1FE23200C4874D /* Products */ = {
			isa = PBXGroup;
			children = (
				848D0C372C1FE23200C4874D /* AppPromo.app */,
			);
			name = Products;
			sourceTree = "<group>";
		};
		848D0C392C1FE23200C4874D /* AppPromo */ = {
			isa = PBXGroup;
			children = (
				848D0C3A2C1FE23200C4874D /* AppDelegate.swift */,
				848D0C3C2C1FE23200C4874D /* SceneDelegate.swift */,
				848D0CE62C20BD0100C4874D /* Model */,
				848D0CE82C20BD1D00C4874D /* View */,
				848D0CE72C20BD1200C4874D /* Controller */,
				848D0C432C1FE23400C4874D /* Assets.xcassets */,
				848D0C452C1FE23400C4874D /* LaunchScreen.storyboard */,
				848D0C482C1FE23400C4874D /* Info.plist */,
			);
			path = AppPromo;
			sourceTree = "<group>";
		};
		848D0CE62C20BD0100C4874D /* Model */ = {
			isa = PBXGroup;
			children = (
				848D0C4E2C201B7C00C4874D /* Promo.swift */,
				848D0C502C201B9B00C4874D /* NetworkManager.swift */,
			);
			path = Model;
			sourceTree = "<group>";
		};
		848D0CE72C20BD1200C4874D /* Controller */ = {
			isa = PBXGroup;
			children = (
				848D0C3E2C1FE23200C4874D /* PromoListViewController.swift */,
				848D0C522C201C3300C4874D /* PromoDetailViewController.swift */,
			);
			path = Controller;
			sourceTree = "<group>";
		};
		848D0CE82C20BD1D00C4874D /* View */ = {
			isa = PBXGroup;
			children = (
				848D0C402C1FE23200C4874D /* Main.storyboard */,
			);
			path = View;
			sourceTree = "<group>";
		};
		C3E5D0A4FE3EE521B2C9C4B2 /* Pods */ = {
			isa = PBXGroup;
			children = (
				2A3F31112088C64C584397DE /* Pods-AppPromo.debug.xcconfig */,
				96E795DCAF3C5875F7B116E7 /* Pods-AppPromo.release.xcconfig */,
			);
			path = Pods;
			sourceTree = "<group>";
		};
		C447DAAD7DF3ED64DEA40334 /* Frameworks */ = {
			isa = PBXGroup;
			children = (
				E4CA83BF1A3457BA2C20FE72 /* Pods_AppPromo.framework */,
			);
			name = Frameworks;
			sourceTree = "<group>";
		};
/* End PBXGroup section */

/* Begin PBXNativeTarget section */
		848D0C362C1FE23200C4874D /* AppPromo */ = {
			isa = PBXNativeTarget;
			buildConfigurationList = 848D0C4B2C1FE23400C4874D /* Build configuration list for PBXNativeTarget "AppPromo" */;
			buildPhases = (
				230E9B513A6DB9E28A675E9B /* [CP] Check Pods Manifest.lock */,
				848D0C332C1FE23200C4874D /* Sources */,
				848D0C342C1FE23200C4874D /* Frameworks */,
				848D0C352C1FE23200C4874D /* Resources */,
				B24715D7B12D6763677FF0C7 /* [CP] Embed Pods Frameworks */,
			);
			buildRules = (
			);
			dependencies = (
			);
			name = AppPromo;
			productName = AppPromo;
			productReference = 848D0C372C1FE23200C4874D /* AppPromo.app */;
			productType = "com.apple.product-type.application";
		};
/* End PBXNativeTarget section */

/* Begin PBXProject section */
		848D0C2F2C1FE23200C4874D /* Project object */ = {
			isa = PBXProject;
			attributes = {
				BuildIndependentTargetsInParallel = 1;
				LastSwiftUpdateCheck = 1540;
				LastUpgradeCheck = 1540;
				TargetAttributes = {
					848D0C362C1FE23200C4874D = {
						CreatedOnToolsVersion = 15.4;
					};
				};
			};
			buildConfigurationList = 848D0C322C1FE23200C4874D /* Build configuration list for PBXProject "AppPromo" */;
			compatibilityVersion = "Xcode 14.0";
			developmentRegion = en;
			hasScannedForEncodings = 0;
			knownRegions = (
				en,
				Base,
			);
			mainGroup = 848D0C2E2C1FE23200C4874D;
			productRefGroup = 848D0C382C1FE23200C4874D /* Products */;
			projectDirPath = "";
			projectRoot = "";
			targets = (
				848D0C362C1FE23200C4874D /* AppPromo */,
			);
		};
/* End PBXProject section */

/* Begin PBXResourcesBuildPhase section */
		848D0C352C1FE23200C4874D /* Resources */ = {
			isa = PBXResourcesBuildPhase;
			buildActionMask = 2147483647;
			files = (
				848D0C442C1FE23400C4874D /* Assets.xcassets in Resources */,
				848D0C472C1FE23400C4874D /* Base in Resources */,
				848D0C422C1FE23200C4874D /* Base in Resources */,
			);
			runOnlyForDeploymentPostprocessing = 0;
		};
/* End PBXResourcesBuildPhase section */

/* Begin PBXShellScriptBuildPhase section */
		230E9B513A6DB9E28A675E9B /* [CP] Check Pods Manifest.lock */ = {
			isa = PBXShellScriptBuildPhase;
			buildActionMask = 2147483647;
			files = (
			);
			inputFileListPaths = (
			);
			inputPaths = (
				"${PODS_PODFILE_DIR_PATH}/Podfile.lock",
				"${PODS_ROOT}/Manifest.lock",
			);
			name = "[CP] Check Pods Manifest.lock";
			outputFileListPaths = (
			);
			outputPaths = (
				"$(DERIVED_FILE_DIR)/Pods-AppPromo-checkManifestLockResult.txt",
			);
			runOnlyForDeploymentPostprocessing = 0;
			shellPath = /bin/sh;
			shellScript = "diff \"${PODS_PODFILE_DIR_PATH}/Podfile.lock\" \"${PODS_ROOT}/Manifest.lock\" > /dev/null\nif [ $? != 0 ] ; then\n    # print error to STDERR\n    echo \"error: The sandbox is not in sync with the Podfile.lock. Run 'pod install' or update your CocoaPods installation.\" >&2\n    exit 1\nfi\n# This output is used by Xcode 'outputs' to avoid re-running this script phase.\necho \"SUCCESS\" > \"${SCRIPT_OUTPUT_FILE_0}\"\n";
			showEnvVarsInLog = 0;
		};
		B24715D7B12D6763677FF0C7 /* [CP] Embed Pods Frameworks */ = {
			isa = PBXShellScriptBuildPhase;
			buildActionMask = 2147483647;
			files = (
			);
			inputFileListPaths = (
				"${PODS_ROOT}/Target Support Files/Pods-AppPromo/Pods-AppPromo-frameworks-${CONFIGURATION}-input-files.xcfilelist",
			);
			name = "[CP] Embed Pods Frameworks";
			outputFileListPaths = (
				"${PODS_ROOT}/Target Support Files/Pods-AppPromo/Pods-AppPromo-frameworks-${CONFIGURATION}-output-files.xcfilelist",
			);
			runOnlyForDeploymentPostprocessing = 0;
			shellPath = /bin/sh;
			shellScript = "\"${PODS_ROOT}/Target Support Files/Pods-AppPromo/Pods-AppPromo-frameworks.sh\"\n";
			showEnvVarsInLog = 0;
		};
/* End PBXShellScriptBuildPhase section */

/* Begin PBXSourcesBuildPhase section */
		848D0C332C1FE23200C4874D /* Sources */ = {
			isa = PBXSourcesBuildPhase;
			buildActionMask = 2147483647;
			files = (
				848D0C3F2C1FE23200C4874D /* PromoListViewController.swift in Sources */,
				848D0C3B2C1FE23200C4874D /* AppDelegate.swift in Sources */,
				848D0C512C201B9B00C4874D /* NetworkManager.swift in Sources */,
				848D0C532C201C3300C4874D /* PromoDetailViewController.swift in Sources */,
				848D0C3D2C1FE23200C4874D /* SceneDelegate.swift in Sources */,
				848D0C4F2C201B7C00C4874D /* Promo.swift in Sources */,
			);
			runOnlyForDeploymentPostprocessing = 0;
		};
/* End PBXSourcesBuildPhase section */

/* Begin PBXVariantGroup section */
		848D0C402C1FE23200C4874D /* Main.storyboard */ = {
			isa = PBXVariantGroup;
			children = (
				848D0C412C1FE23200C4874D /* Base */,
			);
			name = Main.storyboard;
			sourceTree = "<group>";
		};
		848D0C452C1FE23400C4874D /* LaunchScreen.storyboard */ = {
			isa = PBXVariantGroup;
			children = (
				848D0C462C1FE23400C4874D /* Base */,
			);
			name = LaunchScreen.storyboard;
			sourceTree = "<group>";
		};
/* End PBXVariantGroup section */

/* Begin XCBuildConfiguration section */
		848D0C492C1FE23400C4874D /* Debug */ = {
			isa = XCBuildConfiguration;
			buildSettings = {
				ALWAYS_SEARCH_USER_PATHS = NO;
				ASSETCATALOG_COMPILER_GENERATE_SWIFT_ASSET_SYMBOL_EXTENSIONS = YES;
				CLANG_ANALYZER_NONNULL = YES;
				CLANG_ANALYZER_NUMBER_OBJECT_CONVERSION = YES_AGGRESSIVE;
				CLANG_CXX_LANGUAGE_STANDARD = "gnu++20";
				CLANG_ENABLE_MODULES = YES;
				CLANG_ENABLE_OBJC_ARC = YES;
				CLANG_ENABLE_OBJC_WEAK = YES;
				CLANG_WARN_BLOCK_CAPTURE_AUTORELEASING = YES;
				CLANG_WARN_BOOL_CONVERSION = YES;
				CLANG_WARN_COMMA = YES;
				CLANG_WARN_CONSTANT_CONVERSION = YES;
				CLANG_WARN_DEPRECATED_OBJC_IMPLEMENTATIONS = YES;
				CLANG_WARN_DIRECT_OBJC_ISA_USAGE = YES_ERROR;
				CLANG_WARN_DOCUMENTATION_COMMENTS = YES;
				CLANG_WARN_EMPTY_BODY = YES;
				CLANG_WARN_ENUM_CONVERSION = YES;
				CLANG_WARN_INFINITE_RECURSION = YES;
				CLANG_WARN_INT_CONVERSION = YES;
				CLANG_WARN_NON_LITERAL_NULL_CONVERSION = YES;
				CLANG_WARN_OBJC_IMPLICIT_RETAIN_SELF = YES;
				CLANG_WARN_OBJC_LITERAL_CONVERSION = YES;
				CLANG_WARN_OBJC_ROOT_CLASS = YES_ERROR;
				CLANG_WARN_QUOTED_INCLUDE_IN_FRAMEWORK_HEADER = YES;
				CLANG_WARN_RANGE_LOOP_ANALYSIS = YES;
				CLANG_WARN_STRICT_PROTOTYPES = YES;
				CLANG_WARN_SUSPICIOUS_MOVE = YES;
				CLANG_WARN_UNGUARDED_AVAILABILITY = YES_AGGRESSIVE;
				CLANG_WARN_UNREACHABLE_CODE = YES;
				CLANG_WARN__DUPLICATE_METHOD_MATCH = YES;
				COPY_PHASE_STRIP = NO;
				DEBUG_INFORMATION_FORMAT = dwarf;
				ENABLE_STRICT_OBJC_MSGSEND = YES;
				ENABLE_TESTABILITY = YES;
				ENABLE_USER_SCRIPT_SANDBOXING = NO;
				GCC_C_LANGUAGE_STANDARD = gnu17;
				GCC_DYNAMIC_NO_PIC = NO;
				GCC_NO_COMMON_BLOCKS = YES;
				GCC_OPTIMIZATION_LEVEL = 0;
				GCC_PREPROCESSOR_DEFINITIONS = (
					"DEBUG=1",
					"$(inherited)",
				);
				GCC_WARN_64_TO_32_BIT_CONVERSION = YES;
				GCC_WARN_ABOUT_RETURN_TYPE = YES_ERROR;
				GCC_WARN_UNDECLARED_SELECTOR = YES;
				GCC_WARN_UNINITIALIZED_AUTOS = YES_AGGRESSIVE;
				GCC_WARN_UNUSED_FUNCTION = YES;
				GCC_WARN_UNUSED_VARIABLE = YES;
				IPHONEOS_DEPLOYMENT_TARGET = 17.5;
				LOCALIZATION_PREFERS_STRING_CATALOGS = YES;
				MTL_ENABLE_DEBUG_INFO = INCLUDE_SOURCE;
				MTL_FAST_MATH = YES;
				ONLY_ACTIVE_ARCH = YES;
				SDKROOT = iphoneos;
				SWIFT_ACTIVE_COMPILATION_CONDITIONS = "DEBUG $(inherited)";
				SWIFT_OPTIMIZATION_LEVEL = "-Onone";
			};
			name = Debug;
		};
		848D0C4A2C1FE23400C4874D /* Release */ = {
			isa = XCBuildConfiguration;
			buildSettings = {
				ALWAYS_SEARCH_USER_PATHS = NO;
				ASSETCATALOG_COMPILER_GENERATE_SWIFT_ASSET_SYMBOL_EXTENSIONS = YES;
				CLANG_ANALYZER_NONNULL = YES;
				CLANG_ANALYZER_NUMBER_OBJECT_CONVERSION = YES_AGGRESSIVE;
				CLANG_CXX_LANGUAGE_STANDARD = "gnu++20";
				CLANG_ENABLE_MODULES = YES;
				CLANG_ENABLE_OBJC_ARC = YES;
				CLANG_ENABLE_OBJC_WEAK = YES;
				CLANG_WARN_BLOCK_CAPTURE_AUTORELEASING = YES;
				CLANG_WARN_BOOL_CONVERSION = YES;
				CLANG_WARN_COMMA = YES;
				CLANG_WARN_CONSTANT_CONVERSION = YES;
				CLANG_WARN_DEPRECATED_OBJC_IMPLEMENTATIONS = YES;
				CLANG_WARN_DIRECT_OBJC_ISA_USAGE = YES_ERROR;
				CLANG_WARN_DOCUMENTATION_COMMENTS = YES;
				CLANG_WARN_EMPTY_BODY = YES;
				CLANG_WARN_ENUM_CONVERSION = YES;
				CLANG_WARN_INFINITE_RECURSION = YES;
				CLANG_WARN_INT_CONVERSION = YES;
				CLANG_WARN_NON_LITERAL_NULL_CONVERSION = YES;
				CLANG_WARN_OBJC_IMPLICIT_RETAIN_SELF = YES;
				CLANG_WARN_OBJC_LITERAL_CONVERSION = YES;
				CLANG_WARN_OBJC_ROOT_CLASS = YES_ERROR;
				CLANG_WARN_QUOTED_INCLUDE_IN_FRAMEWORK_HEADER = YES;
				CLANG_WARN_RANGE_LOOP_ANALYSIS = YES;
				CLANG_WARN_STRICT_PROTOTYPES = YES;
				CLANG_WARN_SUSPICIOUS_MOVE = YES;
				CLANG_WARN_UNGUARDED_AVAILABILITY = YES_AGGRESSIVE;
				CLANG_WARN_UNREACHABLE_CODE = YES;
				CLANG_WARN__DUPLICATE_METHOD_MATCH = YES;
				COPY_PHASE_STRIP = NO;
				DEBUG_INFORMATION_FORMAT = "dwarf-with-dsym";
				ENABLE_NS_ASSERTIONS = NO;
				ENABLE_STRICT_OBJC_MSGSEND = YES;
				ENABLE_USER_SCRIPT_SANDBOXING = NO;
				GCC_C_LANGUAGE_STANDARD = gnu17;
				GCC_NO_COMMON_BLOCKS = YES;
				GCC_WARN_64_TO_32_BIT_CONVERSION = YES;
				GCC_WARN_ABOUT_RETURN_TYPE = YES_ERROR;
				GCC_WARN_UNDECLARED_SELECTOR = YES;
				GCC_WARN_UNINITIALIZED_AUTOS = YES_AGGRESSIVE;
				GCC_WARN_UNUSED_FUNCTION = YES;
				GCC_WARN_UNUSED_VARIABLE = YES;
				IPHONEOS_DEPLOYMENT_TARGET = 17.5;
				LOCALIZATION_PREFERS_STRING_CATALOGS = YES;
				MTL_ENABLE_DEBUG_INFO = NO;
				MTL_FAST_MATH = YES;
				SDKROOT = iphoneos;
				SWIFT_COMPILATION_MODE = wholemodule;
				VALIDATE_PRODUCT = YES;
			};
			name = Release;
		};
		848D0C4C2C1FE23400C4874D /* Debug */ = {
			isa = XCBuildConfiguration;
			baseConfigurationReference = 2A3F31112088C64C584397DE /* Pods-AppPromo.debug.xcconfig */;
			buildSettings = {
				ASSETCATALOG_COMPILER_APPICON_NAME = AppIcon;
				ASSETCATALOG_COMPILER_GLOBAL_ACCENT_COLOR_NAME = AccentColor;
				CODE_SIGN_STYLE = Automatic;
				CURRENT_PROJECT_VERSION = 1;
				DEVELOPMENT_TEAM = 23PFQ9KF7C;
				GENERATE_INFOPLIST_FILE = YES;
				INFOPLIST_FILE = AppPromo/Info.plist;
				INFOPLIST_KEY_UIApplicationSupportsIndirectInputEvents = YES;
				INFOPLIST_KEY_UILaunchStoryboardName = LaunchScreen;
				INFOPLIST_KEY_UIMainStoryboardFile = Main;
				INFOPLIST_KEY_UISupportedInterfaceOrientations_iPad = "UIInterfaceOrientationPortrait UIInterfaceOrientationPortraitUpsideDown UIInterfaceOrientationLandscapeLeft UIInterfaceOrientationLandscapeRight";
				INFOPLIST_KEY_UISupportedInterfaceOrientations_iPhone = "UIInterfaceOrientationPortrait UIInterfaceOrientationLandscapeLeft UIInterfaceOrientationLandscapeRight";
				LD_RUNPATH_SEARCH_PATHS = (
					"$(inherited)",
					"@executable_path/Frameworks",
				);
				MARKETING_VERSION = 1.0;
				PRODUCT_BUNDLE_IDENTIFIER = com.raihan.AppPromo;
				PRODUCT_NAME = "$(TARGET_NAME)";
				SWIFT_EMIT_LOC_STRINGS = YES;
				SWIFT_VERSION = 5.0;
				TARGETED_DEVICE_FAMILY = "1,2";
			};
			name = Debug;
		};
		848D0C4D2C1FE23400C4874D /* Release */ = {
			isa = XCBuildConfiguration;
			baseConfigurationReference = 96E795DCAF3C5875F7B116E7 /* Pods-AppPromo.release.xcconfig */;
			buildSettings = {
				ASSETCATALOG_COMPILER_APPICON_NAME = AppIcon;
				ASSETCATALOG_COMPILER_GLOBAL_ACCENT_COLOR_NAME = AccentColor;
				CODE_SIGN_STYLE = Automatic;
				CURRENT_PROJECT_VERSION = 1;
				DEVELOPMENT_TEAM = 23PFQ9KF7C;
				GENERATE_INFOPLIST_FILE = YES;
				INFOPLIST_FILE = AppPromo/Info.plist;
				INFOPLIST_KEY_UIApplicationSupportsIndirectInputEvents = YES;
				INFOPLIST_KEY_UILaunchStoryboardName = LaunchScreen;
				INFOPLIST_KEY_UIMainStoryboardFile = Main;
				INFOPLIST_KEY_UISupportedInterfaceOrientations_iPad = "UIInterfaceOrientationPortrait UIInterfaceOrientationPortraitUpsideDown UIInterfaceOrientationLandscapeLeft UIInterfaceOrientationLandscapeRight";
				INFOPLIST_KEY_UISupportedInterfaceOrientations_iPhone = "UIInterfaceOrientationPortrait UIInterfaceOrientationLandscapeLeft UIInterfaceOrientationLandscapeRight";
				LD_RUNPATH_SEARCH_PATHS = (
					"$(inherited)",
					"@executable_path/Frameworks",
				);
				MARKETING_VERSION = 1.0;
				PRODUCT_BUNDLE_IDENTIFIER = com.raihan.AppPromo;
				PRODUCT_NAME = "$(TARGET_NAME)";
				SWIFT_EMIT_LOC_STRINGS = YES;
				SWIFT_VERSION = 5.0;
				TARGETED_DEVICE_FAMILY = "1,2";
			};
			name = Release;
		};
/* End XCBuildConfiguration section */

/* Begin XCConfigurationList section */
		848D0C322C1FE23200C4874D /* Build configuration list for PBXProject "AppPromo" */ = {
			isa = XCConfigurationList;
			buildConfigurations = (
				848D0C492C1FE23400C4874D /* Debug */,
				848D0C4A2C1FE23400C4874D /* Release */,
			);
			defaultConfigurationIsVisible = 0;
			defaultConfigurationName = Release;
		};
		848D0C4B2C1FE23400C4874D /* Build configuration list for PBXNativeTarget "AppPromo" */ = {
			isa = XCConfigurationList;
			buildConfigurations = (
				848D0C4C2C1FE23400C4874D /* Debug */,
				848D0C4D2C1FE23400C4874D /* Release */,
			);
			defaultConfigurationIsVisible = 0;
			defaultConfigurationName = Release;
		};
/* End XCConfigurationList section */
	};
	rootObject = 848D0C2F2C1FE23200C4874D /* Project object */;
}
